github.com/cpuguy83/go-md2man/v2 v2.0.6/go.mod git:441631534462b74c098953dbd8d5f6210994b0bf
github.com/davecgh/go-spew v1.1.1 git:8991bc29aa16c548c550c7ff78260e27b9ab7c73
github.com/davecgh/go-spew v1.1.1/go.mod git:8991bc29aa16c548c550c7ff78260e27b9ab7c73
github.com/inconshreveable/mousetrap v1.1.0 git:4e8053ee7ef85a6bd26368364a6d27f1641c1d21
github.com/inconshreveable/mousetrap v1.1.0/go.mod git:4e8053ee7ef85a6bd26368364a6d27f1641c1d21
github.com/pmezard/go-difflib v1.0.0 git:792786c7400a136282c1664665ae0a8db921c6c2
github.com/pmezard/go-difflib v1.0.0/go.mod git:792786c7400a136282c1664665ae0a8db921c6c2
github.com/russross/blackfriday/v2 v2.1.0/go.mod git:4c9bf9512682b995722660a4196c0013228e2049
github.com/spf13/cobra v1.10.1 git:7da941c3547e93b8c9f70bbd3befca79c6335388
github.com/spf13/cobra v1.10.1/go.mod git:7da941c3547e93b8c9f70bbd3befca79c6335388
github.com/spf13/pflag v1.0.9 git:10438578954bba2527fe5cae3684d4532b064bbe
github.com/spf13/pflag v1.0.9/go.mod git:10438578954bba2527fe5cae3684d4532b064bbe
github.com/stretchr/testify v1.11.1 git:2a57335dc9cd6833daa820bc94d9b40c26a7917d
github.com/stretchr/testify v1.11.1/go.mod git:2a57335dc9cd6833daa820bc94d9b40c26a7917d
gopkg.in/check.v1 v0.0.0-20161208181325-20d25e280405 h1:yhCVgyC4o1eVCa2tZl7eS0r+SDo693bJlVdllGtEeKM=
gopkg.in/check.v1 v0.0.0-20161208181325-20d25e280405/go.mod h1:Co6ibVJAznAaIkqp8huTwlJQCZ016jof/cbN4VW5Yz0=
gopkg.in/yaml.v3 v3.0.1 h1:fxVm/GzAzEWqLHuvctI91KS9hhNmmWOoWu0XTYJS7CA=
gopkg.in/yaml.v3 v3.0.1/go.mod h1:K4uyk7z7BCEPqu6E+C64Yfv1cQ7kz7rIZviUmN+EgEM=
